Microsoft Visual Studio Solution File, Format Version 11.00
# Visual Studio 2010
Project("{F184B08F-C81C-45F6-A57F-5ABD9991F28F}") = "PointsAnimation", "PointsAnimation\PointsAnimation.vbproj", "{A9F43304-04CA-4D72-84DB-4582B918B14C}"
EndProject
Project("{F184B08F-C81C-45F6-A57F-5ABD9991F28F}") = "PointsAnimation.Web", "PointsAnimation.Web\PointsAnimation.Web.vbproj", "{C66B1891-E2DF-4681-A5F3-9A240B68A555}"
EndProject
Global
	GlobalSection(SolutionConfigurationPlatforms) = preSolution
		Debug|Any CPU = Debug|Any CPU
		Release|Any CPU = Release|Any CPU
	EndGlobalSection
	GlobalSection(ProjectConfigurationPlatforms) = postSolution
		{A9F43304-04CA-4D72-84DB-4582B918B14C}.Debug|Any CPU.ActiveCfg = Debug|Any CPU
		{A9F43304-04CA-4D72-84DB-4582B918B14C}.Debug|Any CPU.Build.0 = Debug|Any CPU
		{A9F43304-04CA-4D72-84DB-4582B918B14C}.Release|Any CPU.ActiveCfg = Release|Any CPU
		{A9F43304-04CA-4D72-84DB-4582B918B14C}.Release|Any CPU.Build.0 = Release|Any CPU
		{C66B1891-E2DF-4681-A5F3-9A240B68A555}.Debug|Any CPU.ActiveCfg = Debug|Any CPU
		{C66B1891-E2DF-4681-A5F3-9A240B68A555}.Debug|Any CPU.Build.0 = Debug|Any CPU
		{C66B1891-E2DF-4681-A5F3-9A240B68A555}.Release|Any CPU.ActiveCfg = Release|Any CPU
		{C66B1891-E2DF-4681-A5F3-9A240B68A555}.Release|Any CPU.Build.0 = Release|Any CPU
	EndGlobalSection
	GlobalSection(SolutionProperties) = preSolution
		HideSolutionNode = FALSE
	EndGlobalSection
EndGlobal
